
Microsoft Visual Studio Solution File, Format Version 12.00
# Visual Studio 15
Project("{FAE04EC0-301F-11D3-BF4B-00C04F79EFBC}") = "ShapesApp.iOS", "iOS\ShapesApp.iOS.csproj", "{8DBAD464-7850-418D-86DE-CAB9F55A0343}"
EndProject
Project("{FAE04EC0-301F-11D3-BF4B-00C04F79EFBC}") = "ShapesApp.Droid", "Droid\ShapesApp.Droid.csproj", "{6E04988F-866C-47CB-8F6A-665EC208F217}"
EndProject
Global
	GlobalSection(SolutionConfigurationPlatforms) = preSolution
		Debug|Any CPU = Debug|Any CPU
		Release|Any CPU = Release|Any CPU
		Debug|iPhoneSimulator = Debug|iPhoneSimulator
		Release|iPhone = Release|iPhone
		Release|iPhoneSimulator = Release|iPhoneSimulator
		Debug|iPhone = Debug|iPhone
	EndGlobalSection
	GlobalSection(ProjectConfigurationPlatforms) = postSolution
		{8DBAD464-7850-418D-86DE-CAB9F55A0343}.Debug|Any CPU.ActiveCfg = Debug|iPhoneSimulator
		{8DBAD464-7850-418D-86DE-CAB9F55A0343}.Debug|Any CPU.Build.0 = Debug|iPhoneSimulator
		{8DBAD464-7850-418D-86DE-CAB9F55A0343}.Release|Any CPU.ActiveCfg = Release|iPhone
		{8DBAD464-7850-418D-86DE-CAB9F55A0343}.Release|Any CPU.Build.0 = Release|iPhone
		{8DBAD464-7850-418D-86DE-CAB9F55A0343}.Debug|iPhoneSimulator.ActiveCfg = Debug|iPhoneSimulator
		{8DBAD464-7850-418D-86DE-CAB9F55A0343}.Debug|iPhoneSimulator.Build.0 = Debug|iPhoneSimulator
		{8DBAD464-7850-418D-86DE-CAB9F55A0343}.Release|iPhone.ActiveCfg = Release|iPhone
		{8DBAD464-7850-418D-86DE-CAB9F55A0343}.Release|iPhone.Build.0 = Release|iPhone
		{8DBAD464-7850-418D-86DE-CAB9F55A0343}.Release|iPhoneSimulator.ActiveCfg = Release|iPhoneSimulator
		{8DBAD464-7850-418D-86DE-CAB9F55A0343}.Release|iPhoneSimulator.Build.0 = Release|iPhoneSimulator
		{8DBAD464-7850-418D-86DE-CAB9F55A0343}.Debug|iPhone.ActiveCfg = Debug|iPhone
		{8DBAD464-7850-418D-86DE-CAB9F55A0343}.Debug|iPhone.Build.0 = Debug|iPhone
		{6E04988F-866C-47CB-8F6A-665EC208F217}.Debug|Any CPU.ActiveCfg = Debug|Any CPU
		{6E04988F-866C-47CB-8F6A-665EC208F217}.Debug|Any CPU.Build.0 = Debug|Any CPU
		{6E04988F-866C-47CB-8F6A-665EC208F217}.Release|Any CPU.ActiveCfg = Release|Any CPU
		{6E04988F-866C-47CB-8F6A-665EC208F217}.Release|Any CPU.Build.0 = Release|Any CPU
		{6E04988F-866C-47CB-8F6A-665EC208F217}.Debug|iPhoneSimulator.ActiveCfg = Debug|Any CPU
		{6E04988F-866C-47CB-8F6A-665EC208F217}.Debug|iPhoneSimulator.Build.0 = Debug|Any CPU
		{6E04988F-866C-47CB-8F6A-665EC208F217}.Release|iPhone.ActiveCfg = Release|Any CPU
		{6E04988F-866C-47CB-8F6A-665EC208F217}.Release|iPhone.Build.0 = Release|Any CPU
		{6E04988F-866C-47CB-8F6A-665EC208F217}.Release|iPhoneSimulator.ActiveCfg = Release|Any CPU
		{6E04988F-866C-47CB-8F6A-665EC208F217}.Release|iPhoneSimulator.Build.0 = Release|Any CPU
		{6E04988F-866C-47CB-8F6A-665EC208F217}.Debug|iPhone.ActiveCfg = Debug|Any CPU
		{6E04988F-866C-47CB-8F6A-665EC208F217}.Debug|iPhone.Build.0 = Debug|Any CPU
	EndGlobalSection
EndGlobal
